
Microsoft Visual Studio Solution File, Format Version 12.00
# Visual Studio Version 17
VisualStudioVersion = 17.6.33829.357
MinimumVisualStudioVersion = 10.0.40219.1
Project("{FAE04EC0-301F-11D3-BF4B-00C04F79EFBC}") = "RodaConsole", "RodaConsole.csproj", "{B7C79134-54EA-422F-A7D6-8D72934F9DFE}"
EndProject
Global
	GlobalSection(SolutionConfigurationPlatforms) = preSolution
		Debug|Any CPU = Debug|Any CPU
		Release|Any CPU = Release|Any CPU
	EndGlobalSection
	GlobalSection(ProjectConfigurationPlatforms) = postSolution
		{B7C79134-54EA-422F-A7D6-8D72934F9DFE}.Debug|Any CPU.ActiveCfg = Debug|Any CPU
		{B7C79134-54EA-422F-A7D6-8D72934F9DFE}.Debug|Any CPU.Build.0 = Debug|Any CPU
		{B7C79134-54EA-422F-A7D6-8D72934F9DFE}.Release|Any CPU.ActiveCfg = Release|Any CPU
		{B7C79134-54EA-422F-A7D6-8D72934F9DFE}.Release|Any CPU.Build.0 = Release|Any CPU
	EndGlobalSection
	GlobalSection(SolutionProperties) = preSolution
		HideSolutionNode = FALSE
	EndGlobalSection
	GlobalSection(ExtensibilityGlobals) = postSolution
		SolutionGuid = {2A8829F5-7235-41A8-A185-1A267BDACD8D}
	EndGlobalSection
EndGlobal
